
Microsoft Visual Studio Solution File, Format Version 12.00
# Visual Studio Version 17
VisualStudioVersion = 17.2.32602.215
MinimumVisualStudioVersion = 10.0.40219.1
Project("{9A19103F-16F7-4668-BE54-9A1E7A4F7556}") = "SnehaPieShop", "SnehPieShop\SnehaPieShop.csproj", "{8F2F4159-898C-4F16-8653-2F871A147656}"
EndProject
Project("{9A19103F-16F7-4668-BE54-9A1E7A4F7556}") = "StudentAPIDemo", "StudentApi\StudentAPIDemo.csproj", "{EBE1019F-37B8-4390-BE94-91829A78632F}"
EndProject
Project("{FAE04EC0-301F-11D3-BF4B-00C04F79EFBC}") = "PieApi", "PieApi\PieApi.csproj", "{93619536-11E7-4535-B1E4-9BD48D91929A}"
EndProject
Global
	GlobalSection(SolutionConfigurationPlatforms) = preSolution
		Debug|Any CPU = Debug|Any CPU
		Release|Any CPU = Release|Any CPU
	EndGlobalSection
	GlobalSection(ProjectConfigurationPlatforms) = postSolution
		{8F2F4159-898C-4F16-8653-2F871A147656}.Debug|Any CPU.ActiveCfg = Debug|Any CPU
		{8F2F4159-898C-4F16-8653-2F871A147656}.Debug|Any CPU.Build.0 = Debug|Any CPU
		{8F2F4159-898C-4F16-8653-2F871A147656}.Release|Any CPU.ActiveCfg = Release|Any CPU
		{8F2F4159-898C-4F16-8653-2F871A147656}.Release|Any CPU.Build.0 = Release|Any CPU
		{EBE1019F-37B8-4390-BE94-91829A78632F}.Debug|Any CPU.ActiveCfg = Debug|Any CPU
		{EBE1019F-37B8-4390-BE94-91829A78632F}.Debug|Any CPU.Build.0 = Debug|Any CPU
		{EBE1019F-37B8-4390-BE94-91829A78632F}.Release|Any CPU.ActiveCfg = Release|Any CPU
		{EBE1019F-37B8-4390-BE94-91829A78632F}.Release|Any CPU.Build.0 = Release|Any CPU
		{93619536-11E7-4535-B1E4-9BD48D91929A}.Debug|Any CPU.ActiveCfg = Debug|Any CPU
		{93619536-11E7-4535-B1E4-9BD48D91929A}.Debug|Any CPU.Build.0 = Debug|Any CPU
		{93619536-11E7-4535-B1E4-9BD48D91929A}.Release|Any CPU.ActiveCfg = Release|Any CPU
		{93619536-11E7-4535-B1E4-9BD48D91929A}.Release|Any CPU.Build.0 = Release|Any CPU
	EndGlobalSection
	GlobalSection(SolutionProperties) = preSolution
		HideSolutionNode = FALSE
	EndGlobalSection
	GlobalSection(ExtensibilityGlobals) = postSolution
		SolutionGuid = {6F1D45AA-FD45-44A2-A0F6-79737BCEAC37}
	EndGlobalSection
EndGlobal
